// !$*UTF8*$!
{
	archiveVersion = 1;
	classes = {
	};
	objectVersion = 55;
	objects = {

/* Begin PBXBuildFile section */
		448403B22736A458009EE201 /* AppDelegate.swift in Sources */ = {isa = PBXBuildFile; fileRef = 448403B12736A458009EE201 /* AppDelegate.swift */; };
		448403BB2736A45A009EE201 /* Assets.xcassets in Resources */ = {isa = PBXBuildFile; fileRef = 448403BA2736A45A009EE201 /* Assets.xcassets */; };
		448403BE2736A45A009EE201 /* LaunchScreen.storyboard in Resources */ = {isa = PBXBuildFile; fileRef = 448403BC2736A45A009EE201 /* LaunchScreen.storyboard */; };
		448403D72736ADE2009EE201 /* SnapKit in Frameworks */ = {isa = PBXBuildFile; productRef = 448403D62736ADE2009EE201 /* SnapKit */; };
		448403EA2736B2D0009EE201 /* MainFlow.swift in Sources */ = {isa = PBXBuildFile; fileRef = 448403E92736B2D0009EE201 /* MainFlow.swift */; };
		448403ED2736B4CF009EE201 /* TabBarViewController.swift in Sources */ = {isa = PBXBuildFile; fileRef = 448403EC2736B4CF009EE201 /* TabBarViewController.swift */; };
		448403EF2736B522009EE201 /* TabBarViewModel.swift in Sources */ = {isa = PBXBuildFile; fileRef = 448403EE2736B522009EE201 /* TabBarViewModel.swift */; };
		448403F12736B538009EE201 /* TabBarResources.swift in Sources */ = {isa = PBXBuildFile; fileRef = 448403F02736B538009EE201 /* TabBarResources.swift */; };
		448403F32736B54D009EE201 /* TabBarFactory.swift in Sources */ = {isa = PBXBuildFile; fileRef = 448403F22736B54D009EE201 /* TabBarFactory.swift */; };
		8B5105E31658DCBA7EAB2272 /* Pods_StudyLoop.framework in Frameworks */ = {isa = PBXBuildFile; fileRef = 39BD577421C67135728FD141 /* Pods_StudyLoop.framework */; };
/* End PBXBuildFile section */

/* Begin PBXFileReference section */
		12DDD310D2A70539F711ABD5 /* Pods-StudyLoop.release.xcconfig */ = {isa = PBXFileReference; includeInIndex = 1; lastKnownFileType = text.xcconfig; name = "Pods-StudyLoop.release.xcconfig"; path = "Target Support Files/Pods-StudyLoop/Pods-StudyLoop.release.xcconfig"; sourceTree = "<group>"; };
		39BD577421C67135728FD141 /* Pods_StudyLoop.framework */ = {isa = PBXFileReference; explicitFileType = wrapper.framework; includeInIndex = 0; path = Pods_StudyLoop.framework; sourceTree = BUILT_PRODUCTS_DIR; };
		448403AE2736A458009EE201 /* StudyLoop.app */ = {isa = PBXFileReference; explicitFileType = wrapper.application; includeInIndex = 0; path = StudyLoop.app; sourceTree = BUILT_PRODUCTS_DIR; };
		448403B12736A458009EE201 /* AppDelegate.swift */ = {isa = PBXFileReference; lastKnownFileType = sourcecode.swift; path = AppDelegate.swift; sourceTree = "<group>"; };
		448403BA2736A45A009EE201 /* Assets.xcassets */ = {isa = PBXFileReference; lastKnownFileType = folder.assetcatalog; path = Assets.xcassets; sourceTree = "<group>"; };
		448403BD2736A45A009EE201 /* Base */ = {isa = PBXFileReference; lastKnownFileType = file.storyboard; name = Base; path = Base.lproj/LaunchScreen.storyboard; sourceTree = "<group>"; };
		448403BF2736A45A009EE201 /* Info.plist */ = {isa = PBXFileReference; lastKnownFileType = text.plist.xml; path = Info.plist; sourceTree = "<group>"; };
		448403E92736B2D0009EE201 /* MainFlow.swift */ = {isa = PBXFileReference; lastKnownFileType = sourcecode.swift; path = MainFlow.swift; sourceTree = "<group>"; };
		448403EC2736B4CF009EE201 /* TabBarViewController.swift */ = {isa = PBXFileReference; lastKnownFileType = sourcecode.swift; path = TabBarViewController.swift; sourceTree = "<group>"; };
		448403EE2736B522009EE201 /* TabBarViewModel.swift */ = {isa = PBXFileReference; lastKnownFileType = sourcecode.swift; path = TabBarViewModel.swift; sourceTree = "<group>"; };
		448403F02736B538009EE201 /* TabBarResources.swift */ = {isa = PBXFileReference; lastKnownFileType = sourcecode.swift; path = TabBarResources.swift; sourceTree = "<group>"; };
		448403F22736B54D009EE201 /* TabBarFactory.swift */ = {isa = PBXFileReference; lastKnownFileType = sourcecode.swift; path = TabBarFactory.swift; sourceTree = "<group>"; };
		660C4CF2C0D9853E469B1507 /* Pods-StudyLoop.debug.xcconfig */ = {isa = PBXFileReference; includeInIndex = 1; lastKnownFileType = text.xcconfig; name = "Pods-StudyLoop.debug.xcconfig"; path = "Target Support Files/Pods-StudyLoop/Pods-StudyLoop.debug.xcconfig"; sourceTree = "<group>"; };
/* End PBXFileReference section */

/* Begin PBXFrameworksBuildPhase section */
		448403AB2736A458009EE201 /* Frameworks */ = {
			isa = PBXFrameworksBuildPhase;
			buildActionMask = 2147483647;
			files = (
				448403D72736ADE2009EE201 /* SnapKit in Frameworks */,
				8B5105E31658DCBA7EAB2272 /* Pods_StudyLoop.framework in Frameworks */,
			);
			runOnlyForDeploymentPostprocessing = 0;
		};
/* End PBXFrameworksBuildPhase section */

/* Begin PBXGroup section */
		448403A52736A458009EE201 = {
			isa = PBXGroup;
			children = (
				448403B02736A458009EE201 /* StudyLoop */,
				448403AF2736A458009EE201 /* Products */,
				7BC111311712C18AE9708F8F /* Pods */,
				F0CB7E26B4A65522D3819F8F /* Frameworks */,
			);
			sourceTree = "<group>";
		};
		448403AF2736A458009EE201 /* Products */ = {
			isa = PBXGroup;
			children = (
				448403AE2736A458009EE201 /* StudyLoop.app */,
			);
			name = Products;
			sourceTree = "<group>";
		};
		448403B02736A458009EE201 /* StudyLoop */ = {
			isa = PBXGroup;
			children = (
				448403B12736A458009EE201 /* AppDelegate.swift */,
				448403E72736B1F4009EE201 /* Source */,
				448403E62736B1D5009EE201 /* Resources */,
				448403BC2736A45A009EE201 /* LaunchScreen.storyboard */,
				448403BF2736A45A009EE201 /* Info.plist */,
			);
			path = StudyLoop;
			sourceTree = "<group>";
		};
		448403E62736B1D5009EE201 /* Resources */ = {
			isa = PBXGroup;
			children = (
				448403BA2736A45A009EE201 /* Assets.xcassets */,
			);
			path = Resources;
			sourceTree = "<group>";
		};
		448403E72736B1F4009EE201 /* Source */ = {
			isa = PBXGroup;
			children = (
				448403EB2736B4B4009EE201 /* TabBarController */,
				448403E82736B2C1009EE201 /* MainFlow */,
			);
			path = Source;
			sourceTree = "<group>";
		};
		448403E82736B2C1009EE201 /* MainFlow */ = {
			isa = PBXGroup;
			children = (
				448403E92736B2D0009EE201 /* MainFlow.swift */,
			);
			path = MainFlow;
			sourceTree = "<group>";
		};
		448403EB2736B4B4009EE201 /* TabBarController */ = {
			isa = PBXGroup;
			children = (
				448403F22736B54D009EE201 /* TabBarFactory.swift */,
				448403F02736B538009EE201 /* TabBarResources.swift */,
				448403EE2736B522009EE201 /* TabBarViewModel.swift */,
				448403EC2736B4CF009EE201 /* TabBarViewController.swift */,
			);
			path = TabBarController;
			sourceTree = "<group>";
		};
		7BC111311712C18AE9708F8F /* Pods */ = {
			isa = PBXGroup;
			children = (
				660C4CF2C0D9853E469B1507 /* Pods-StudyLoop.debug.xcconfig */,
				12DDD310D2A70539F711ABD5 /* Pods-StudyLoop.release.xcconfig */,
			);
			path = Pods;
			sourceTree = "<group>";
		};
		F0CB7E26B4A65522D3819F8F /* Frameworks */ = {
			isa = PBXGroup;
			children = (
				39BD577421C67135728FD141 /* Pods_StudyLoop.framework */,
			);
			name = Frameworks;
			sourceTree = "<group>";
		};
/* End PBXGroup section */

/* Begin PBXNativeTarget section */
		448403AD2736A458009EE201 /* StudyLoop */ = {
			isa = PBXNativeTarget;
			buildConfigurationList = 448403C22736A45A009EE201 /* Build configuration list for PBXNativeTarget "StudyLoop" */;
			buildPhases = (
				52FCDD84A502E456C800852E /* [CP] Check Pods Manifest.lock */,
				448403AA2736A458009EE201 /* Sources */,
				448403AB2736A458009EE201 /* Frameworks */,
				448403AC2736A458009EE201 /* Resources */,
			);
			buildRules = (
			);
			dependencies = (
			);
			name = StudyLoop;
			packageProductDependencies = (
				448403D62736ADE2009EE201 /* SnapKit */,
			);
			productName = StudyLoop;
			productReference = 448403AE2736A458009EE201 /* StudyLoop.app */;
			productType = "com.apple.product-type.application";
		};
/* End PBXNativeTarget section */

/* Begin PBXProject section */
		448403A62736A458009EE201 /* Project object */ = {
			isa = PBXProject;
			attributes = {
				BuildIndependentTargetsInParallel = 1;
				LastSwiftUpdateCheck = 1300;
				LastUpgradeCheck = 1300;
				TargetAttributes = {
					448403AD2736A458009EE201 = {
						CreatedOnToolsVersion = 13.0;
					};
				};
			};
			buildConfigurationList = 448403A92736A458009EE201 /* Build configuration list for PBXProject "StudyLoop" */;
			compatibilityVersion = "Xcode 13.0";
			developmentRegion = en;
			hasScannedForEncodings = 0;
			knownRegions = (
				en,
				Base,
			);
			mainGroup = 448403A52736A458009EE201;
			packageReferences = (
				448403D52736ADE2009EE201 /* XCRemoteSwiftPackageReference "SnapKit" */,
			);
			productRefGroup = 448403AF2736A458009EE201 /* Products */;
			projectDirPath = "";
			projectRoot = "";
			targets = (
				448403AD2736A458009EE201 /* StudyLoop */,
			);
		};
/* End PBXProject section */

/* Begin PBXResourcesBuildPhase section */
		448403AC2736A458009EE201 /* Resources */ = {
			isa = PBXResourcesBuildPhase;
			buildActionMask = 2147483647;
			files = (
				448403BE2736A45A009EE201 /* LaunchScreen.storyboard in Resources */,
				448403BB2736A45A009EE201 /* Assets.xcassets in Resources */,
			);
			runOnlyForDeploymentPostprocessing = 0;
		};
/* End PBXResourcesBuildPhase section */

/* Begin PBXShellScriptBuildPhase section */
		52FCDD84A502E456C800852E /* [CP] Check Pods Manifest.lock */ = {
			isa = PBXShellScriptBuildPhase;
			buildActionMask = 2147483647;
			files = (
			);
			inputFileListPaths = (
			);
			inputPaths = (
				"${PODS_PODFILE_DIR_PATH}/Podfile.lock",
				"${PODS_ROOT}/Manifest.lock",
			);
			name = "[CP] Check Pods Manifest.lock";
			outputFileListPaths = (
			);
			outputPaths = (
				"$(DERIVED_FILE_DIR)/Pods-StudyLoop-checkManifestLockResult.txt",
			);
			runOnlyForDeploymentPostprocessing = 0;
			shellPath = /bin/sh;
			shellScript = "diff \"${PODS_PODFILE_DIR_PATH}/Podfile.lock\" \"${PODS_ROOT}/Manifest.lock\" > /dev/null\nif [ $? != 0 ] ; then\n    # print error to STDERR\n    echo \"error: The sandbox is not in sync with the Podfile.lock. Run 'pod install' or update your CocoaPods installation.\" >&2\n    exit 1\nfi\n# This output is used by Xcode 'outputs' to avoid re-running this script phase.\necho \"SUCCESS\" > \"${SCRIPT_OUTPUT_FILE_0}\"\n";
			showEnvVarsInLog = 0;
		};
/* End PBXShellScriptBuildPhase section */

/* Begin PBXSourcesBuildPhase section */
		448403AA2736A458009EE201 /* Sources */ = {
			isa = PBXSourcesBuildPhase;
			buildActionMask = 2147483647;
			files = (
				448403EF2736B522009EE201 /* TabBarViewModel.swift in Sources */,
				448403ED2736B4CF009EE201 /* TabBarViewController.swift in Sources */,
				448403F12736B538009EE201 /* TabBarResources.swift in Sources */,
				448403EA2736B2D0009EE201 /* MainFlow.swift in Sources */,
				448403F32736B54D009EE201 /* TabBarFactory.swift in Sources */,
				448403B22736A458009EE201 /* AppDelegate.swift in Sources */,
			);
			runOnlyForDeploymentPostprocessing = 0;
		};
/* End PBXSourcesBuildPhase section */

/* Begin PBXVariantGroup section */
		448403BC2736A45A009EE201 /* LaunchScreen.storyboard */ = {
			isa = PBXVariantGroup;
			children = (
				448403BD2736A45A009EE201 /* Base */,
			);
			name = LaunchScreen.storyboard;
			sourceTree = "<group>";
		};
/* End PBXVariantGroup section */

/* Begin XCBuildConfiguration section */
		448403C02736A45A009EE201 /* Debug */ = {
			isa = XCBuildConfiguration;
			buildSettings = {
				ALWAYS_SEARCH_USER_PATHS = NO;
				CLANG_ANALYZER_NONNULL = YES;
				CLANG_ANALYZER_NUMBER_OBJECT_CONVERSION = YES_AGGRESSIVE;
				CLANG_CXX_LANGUAGE_STANDARD = "gnu++17";
				CLANG_CXX_LIBRARY = "libc++";
				CLANG_ENABLE_MODULES = YES;
				CLANG_ENABLE_OBJC_ARC = YES;
				CLANG_ENABLE_OBJC_WEAK = YES;
				CLANG_WARN_BLOCK_CAPTURE_AUTORELEASING = YES;
				CLANG_WARN_BOOL_CONVERSION = YES;
				CLANG_WARN_COMMA = YES;
				CLANG_WARN_CONSTANT_CONVERSION = YES;
				CLANG_WARN_DEPRECATED_OBJC_IMPLEMENTATIONS = YES;
				CLANG_WARN_DIRECT_OBJC_ISA_USAGE = YES_ERROR;
				CLANG_WARN_DOCUMENTATION_COMMENTS = YES;
				CLANG_WARN_EMPTY_BODY = YES;
				CLANG_WARN_ENUM_CONVERSION = YES;
				CLANG_WARN_INFINITE_RECURSION = YES;
				CLANG_WARN_INT_CONVERSION = YES;
				CLANG_WARN_NON_LITERAL_NULL_CONVERSION = YES;
				CLANG_WARN_OBJC_IMPLICIT_RETAIN_SELF = YES;
				CLANG_WARN_OBJC_LITERAL_CONVERSION = YES;
				CLANG_WARN_OBJC_ROOT_CLASS = YES_ERROR;
				CLANG_WARN_QUOTED_INCLUDE_IN_FRAMEWORK_HEADER = YES;
				CLANG_WARN_RANGE_LOOP_ANALYSIS = YES;
				CLANG_WARN_STRICT_PROTOTYPES = YES;
				CLANG_WARN_SUSPICIOUS_MOVE = YES;
				CLANG_WARN_UNGUARDED_AVAILABILITY = YES_AGGRESSIVE;
				CLANG_WARN_UNREACHABLE_CODE = YES;
				CLANG_WARN__DUPLICATE_METHOD_MATCH = YES;
				COPY_PHASE_STRIP = NO;
				DEBUG_INFORMATION_FORMAT = dwarf;
				ENABLE_STRICT_OBJC_MSGSEND = YES;
				ENABLE_TESTABILITY = YES;
				GCC_C_LANGUAGE_STANDARD = gnu11;
				GCC_DYNAMIC_NO_PIC = NO;
				GCC_NO_COMMON_BLOCKS = YES;
				GCC_OPTIMIZATION_LEVEL = 0;
				GCC_PREPROCESSOR_DEFINITIONS = (
					"DEBUG=1",
					"$(inherited)",
				);
				GCC_WARN_64_TO_32_BIT_CONVERSION = YES;
				GCC_WARN_ABOUT_RETURN_TYPE = YES_ERROR;
				GCC_WARN_UNDECLARED_SELECTOR = YES;
				GCC_WARN_UNINITIALIZED_AUTOS = YES_AGGRESSIVE;
				GCC_WARN_UNUSED_FUNCTION = YES;
				GCC_WARN_UNUSED_VARIABLE = YES;
				IPHONEOS_DEPLOYMENT_TARGET = 15.0;
				MTL_ENABLE_DEBUG_INFO = INCLUDE_SOURCE;
				MTL_FAST_MATH = YES;
				ONLY_ACTIVE_ARCH = YES;
				SDKROOT = iphoneos;
				SWIFT_ACTIVE_COMPILATION_CONDITIONS = DEBUG;
				SWIFT_OPTIMIZATION_LEVEL = "-Onone";
			};
			name = Debug;
		};
		448403C12736A45A009EE201 /* Release */ = {
			isa = XCBuildConfiguration;
			buildSettings = {
				ALWAYS_SEARCH_USER_PATHS = NO;
				CLANG_ANALYZER_NONNULL = YES;
				CLANG_ANALYZER_NUMBER_OBJECT_CONVERSION = YES_AGGRESSIVE;
				CLANG_CXX_LANGUAGE_STANDARD = "gnu++17";
				CLANG_CXX_LIBRARY = "libc++";
				CLANG_ENABLE_MODULES = YES;
				CLANG_ENABLE_OBJC_ARC = YES;
				CLANG_ENABLE_OBJC_WEAK = YES;
				CLANG_WARN_BLOCK_CAPTURE_AUTORELEASING = YES;
				CLANG_WARN_BOOL_CONVERSION = YES;
				CLANG_WARN_COMMA = YES;
				CLANG_WARN_CONSTANT_CONVERSION = YES;
				CLANG_WARN_DEPRECATED_OBJC_IMPLEMENTATIONS = YES;
				CLANG_WARN_DIRECT_OBJC_ISA_USAGE = YES_ERROR;
				CLANG_WARN_DOCUMENTATION_COMMENTS = YES;
				CLANG_WARN_EMPTY_BODY = YES;
				CLANG_WARN_ENUM_CONVERSION = YES;
				CLANG_WARN_INFINITE_RECURSION = YES;
				CLANG_WARN_INT_CONVERSION = YES;
				CLANG_WARN_NON_LITERAL_NULL_CONVERSION = YES;
				CLANG_WARN_OBJC_IMPLICIT_RETAIN_SELF = YES;
				CLANG_WARN_OBJC_LITERAL_CONVERSION = YES;
				CLANG_WARN_OBJC_ROOT_CLASS = YES_ERROR;
				CLANG_WARN_QUOTED_INCLUDE_IN_FRAMEWORK_HEADER = YES;
				CLANG_WARN_RANGE_LOOP_ANALYSIS = YES;
				CLANG_WARN_STRICT_PROTOTYPES = YES;
				CLANG_WARN_SUSPICIOUS_MOVE = YES;
				CLANG_WARN_UNGUARDED_AVAILABILITY = YES_AGGRESSIVE;
				CLANG_WARN_UNREACHABLE_CODE = YES;
				CLANG_WARN__DUPLICATE_METHOD_MATCH = YES;
				COPY_PHASE_STRIP = NO;
				DEBUG_INFORMATION_FORMAT = "dwarf-with-dsym";
				ENABLE_NS_ASSERTIONS = NO;
				ENABLE_STRICT_OBJC_MSGSEND = YES;
				GCC_C_LANGUAGE_STANDARD = gnu11;
				GCC_NO_COMMON_BLOCKS = YES;
				GCC_WARN_64_TO_32_BIT_CONVERSION = YES;
				GCC_WARN_ABOUT_RETURN_TYPE = YES_ERROR;
				GCC_WARN_UNDECLARED_SELECTOR = YES;
				GCC_WARN_UNINITIALIZED_AUTOS = YES_AGGRESSIVE;
				GCC_WARN_UNUSED_FUNCTION = YES;
				GCC_WARN_UNUSED_VARIABLE = YES;
				IPHONEOS_DEPLOYMENT_TARGET = 15.0;
				MTL_ENABLE_DEBUG_INFO = NO;
				MTL_FAST_MATH = YES;
				SDKROOT = iphoneos;
				SWIFT_COMPILATION_MODE = wholemodule;
				SWIFT_OPTIMIZATION_LEVEL = "-O";
				VALIDATE_PRODUCT = YES;
			};
			name = Release;
		};
		448403C32736A45A009EE201 /* Debug */ = {
			isa = XCBuildConfiguration;
			baseConfigurationReference = 660C4CF2C0D9853E469B1507 /* Pods-StudyLoop.debug.xcconfig */;
			buildSettings = {
				ASSETCATALOG_COMPILER_APPICON_NAME = AppIcon;
				ASSETCATALOG_COMPILER_GLOBAL_ACCENT_COLOR_NAME = AccentColor;
				CODE_SIGN_STYLE = Automatic;
				CURRENT_PROJECT_VERSION = 1;
				DEVELOPMENT_TEAM = 37S8MMUAB7;
				GENERATE_INFOPLIST_FILE = YES;
				INFOPLIST_FILE = StudyLoop/Info.plist;
				INFOPLIST_KEY_UIApplicationSupportsIndirectInputEvents = YES;
				INFOPLIST_KEY_UILaunchStoryboardName = LaunchScreen;
				INFOPLIST_KEY_UIMainStoryboardFile = LaunchScreen;
				INFOPLIST_KEY_UISupportedInterfaceOrientations_iPad = "UIInterfaceOrientationPortrait UIInterfaceOrientationPortraitUpsideDown UIInterfaceOrientationLandscapeLeft UIInterfaceOrientationLandscapeRight";
				INFOPLIST_KEY_UISupportedInterfaceOrientations_iPhone = "UIInterfaceOrientationPortrait UIInterfaceOrientationLandscapeLeft UIInterfaceOrientationLandscapeRight";
				LD_RUNPATH_SEARCH_PATHS = (
					"$(inherited)",
					"@executable_path/Frameworks",
				);
				MARKETING_VERSION = 1.0;
				PRODUCT_BUNDLE_IDENTIFIER = com.mokhaneugene.StudyLoop;
				PRODUCT_NAME = "$(TARGET_NAME)";
				SWIFT_EMIT_LOC_STRINGS = YES;
				SWIFT_VERSION = 5.0;
				TARGETED_DEVICE_FAMILY = "1,2";
			};
			name = Debug;
		};
		448403C42736A45A009EE201 /* Release */ = {
			isa = XCBuildConfiguration;
			baseConfigurationReference = 12DDD310D2A70539F711ABD5 /* Pods-StudyLoop.release.xcconfig */;
			buildSettings = {
				ASSETCATALOG_COMPILER_APPICON_NAME = AppIcon;
				ASSETCATALOG_COMPILER_GLOBAL_ACCENT_COLOR_NAME = AccentColor;
				CODE_SIGN_STYLE = Automatic;
				CURRENT_PROJECT_VERSION = 1;
				DEVELOPMENT_TEAM = 37S8MMUAB7;
				GENERATE_INFOPLIST_FILE = YES;
				INFOPLIST_FILE = StudyLoop/Info.plist;
				INFOPLIST_KEY_UIApplicationSupportsIndirectInputEvents = YES;
				INFOPLIST_KEY_UILaunchStoryboardName = LaunchScreen;
				INFOPLIST_KEY_UIMainStoryboardFile = LaunchScreen;
				INFOPLIST_KEY_UISupportedInterfaceOrientations_iPad = "UIInterfaceOrientationPortrait UIInterfaceOrientationPortraitUpsideDown UIInterfaceOrientationLandscapeLeft UIInterfaceOrientationLandscapeRight";
				INFOPLIST_KEY_UISupportedInterfaceOrientations_iPhone = "UIInterfaceOrientationPortrait UIInterfaceOrientationLandscapeLeft UIInterfaceOrientationLandscapeRight";
				LD_RUNPATH_SEARCH_PATHS = (
					"$(inherited)",
					"@executable_path/Frameworks",
				);
				MARKETING_VERSION = 1.0;
				PRODUCT_BUNDLE_IDENTIFIER = com.mokhaneugene.StudyLoop;
				PRODUCT_NAME = "$(TARGET_NAME)";
				SWIFT_EMIT_LOC_STRINGS = YES;
				SWIFT_VERSION = 5.0;
				TARGETED_DEVICE_FAMILY = "1,2";
			};
			name = Release;
		};
/* End XCBuildConfiguration section */

/* Begin XCConfigurationList section */
		448403A92736A458009EE201 /* Build configuration list for PBXProject "StudyLoop" */ = {
			isa = XCConfigurationList;
			buildConfigurations = (
				448403C02736A45A009EE201 /* Debug */,
				448403C12736A45A009EE201 /* Release */,
			);
			defaultConfigurationIsVisible = 0;
			defaultConfigurationName = Release;
		};
		448403C22736A45A009EE201 /* Build configuration list for PBXNativeTarget "StudyLoop" */ = {
			isa = XCConfigurationList;
			buildConfigurations = (
				448403C32736A45A009EE201 /* Debug */,
				448403C42736A45A009EE201 /* Release */,
			);
			defaultConfigurationIsVisible = 0;
			defaultConfigurationName = Release;
		};
/* End XCConfigurationList section */

/* Begin XCRemoteSwiftPackageReference section */
		448403D52736ADE2009EE201 /* XCRemoteSwiftPackageReference "SnapKit" */ = {
			isa = XCRemoteSwiftPackageReference;
			repositoryURL = "https://github.com/SnapKit/SnapKit.git";
			requirement = {
				branch = develop;
				kind = branch;
			};
		};
/* End XCRemoteSwiftPackageReference section */

/* Begin XCSwiftPackageProductDependency section */
		448403D62736ADE2009EE201 /* SnapKit */ = {
			isa = XCSwiftPackageProductDependency;
			package = 448403D52736ADE2009EE201 /* XCRemoteSwiftPackageReference "SnapKit" */;
			productName = SnapKit;
		};
/* End XCSwiftPackageProductDependency section */
	};
	rootObject = 448403A62736A458009EE201 /* Project object */;
}
